Microsoft Visual Studio Solution File, Format Version 11.00
# Visual Studio 2010
Project("{0767A66E-CCE9-39C8-B987-4304B089C6C5}") = "qdvst", "qdvst.vcxproj", "{F7255370-90D5-D001-26C3-77163BFB392A}"
EndProject
Global
	GlobalSection(SolutionConfigurationPlatforms) = preSolution
		Debug|Win32 = Debug|Win32
		Release|Win32 = Release|Win32
	EndGlobalSection
	GlobalSection(ProjectConfigurationPlatforms) = postSolution
		{F7255370-90D5-D001-26C3-77163BFB392A}.Debug|Win32.ActiveCfg = Debug|Win32
		{F7255370-90D5-D001-26C3-77163BFB392A}.Debug|Win32.Build.0 = Debug|Win32
		{F7255370-90D5-D001-26C3-77163BFB392A}.Release|Win32.ActiveCfg = Release|Win32
		{F7255370-90D5-D001-26C3-77163BFB392A}.Release|Win32.Build.0 = Release|Win32
	EndGlobalSection
	GlobalSection(SolutionProperties) = preSolution
		HideSolutionNode = FALSE
	EndGlobalSection
EndGlobal
