
Microsoft Visual Studio Solution File, Format Version 11.00
# Visual Studio 2010
Project("{8BC9CEB8-8B4A-11D0-8D11-00A0C91BC942}") = "addqd", "addqd.vcxproj", "{B42AF0D3-AEE5-491F-A60E-D02A8E7FDB82}"
	ProjectSection(ProjectDependencies) = postProject
		{E56AA4CF-0346-4E31-A26E-48973FD603E9} = {E56AA4CF-0346-4E31-A26E-48973FD603E9}
	EndProjectSection
EndProject
Project("{8BC9CEB8-8B4A-11D0-8D11-00A0C91BC942}") = "addplayer", "..\addplayer\addplayer.vcxproj", "{E56AA4CF-0346-4E31-A26E-48973FD603E9}"
EndProject
Project("{8BC9CEB8-8B4A-11D0-8D11-00A0C91BC942}") = "tester", "..\tester\tester.vcxproj", "{A483A041-5A25-4A6B-934F-BCAC6AA0F155}"
	ProjectSection(ProjectDependencies) = postProject
		{E56AA4CF-0346-4E31-A26E-48973FD603E9} = {E56AA4CF-0346-4E31-A26E-48973FD603E9}
	EndProjectSection
EndProject
Project("{8BC9CEB8-8B4A-11D0-8D11-00A0C91BC942}") = "qdvst", "..\qdvst\Builds\VisualStudio2010\qdvst.vcxproj", "{F7255370-90D5-D001-26C3-77163BFB392A}"
	ProjectSection(ProjectDependencies) = postProject
		{E56AA4CF-0346-4E31-A26E-48973FD603E9} = {E56AA4CF-0346-4E31-A26E-48973FD603E9}
	EndProjectSection
EndProject
Global
	GlobalSection(SolutionConfigurationPlatforms) = preSolution
		Debug|Win32 = Debug|Win32
		introlib|Win32 = introlib|Win32
		Release|Win32 = Release|Win32
	EndGlobalSection
	GlobalSection(ProjectConfigurationPlatforms) = postSolution
		{B42AF0D3-AEE5-491F-A60E-D02A8E7FDB82}.Debug|Win32.ActiveCfg = Debug|Win32
		{B42AF0D3-AEE5-491F-A60E-D02A8E7FDB82}.Debug|Win32.Build.0 = Debug|Win32
		{B42AF0D3-AEE5-491F-A60E-D02A8E7FDB82}.introlib|Win32.ActiveCfg = introlib|Win32
		{B42AF0D3-AEE5-491F-A60E-D02A8E7FDB82}.Release|Win32.ActiveCfg = Release|Win32
		{B42AF0D3-AEE5-491F-A60E-D02A8E7FDB82}.Release|Win32.Build.0 = Release|Win32
		{E56AA4CF-0346-4E31-A26E-48973FD603E9}.Debug|Win32.ActiveCfg = Debug|Win32
		{E56AA4CF-0346-4E31-A26E-48973FD603E9}.Debug|Win32.Build.0 = Debug|Win32
		{E56AA4CF-0346-4E31-A26E-48973FD603E9}.introlib|Win32.ActiveCfg = introlib|Win32
		{E56AA4CF-0346-4E31-A26E-48973FD603E9}.introlib|Win32.Build.0 = introlib|Win32
		{E56AA4CF-0346-4E31-A26E-48973FD603E9}.Release|Win32.ActiveCfg = Release|Win32
		{E56AA4CF-0346-4E31-A26E-48973FD603E9}.Release|Win32.Build.0 = Release|Win32
		{A483A041-5A25-4A6B-934F-BCAC6AA0F155}.Debug|Win32.ActiveCfg = Debug|Win32
		{A483A041-5A25-4A6B-934F-BCAC6AA0F155}.Debug|Win32.Build.0 = Debug|Win32
		{A483A041-5A25-4A6B-934F-BCAC6AA0F155}.introlib|Win32.ActiveCfg = Release|Win32
		{A483A041-5A25-4A6B-934F-BCAC6AA0F155}.introlib|Win32.Build.0 = Release|Win32
		{A483A041-5A25-4A6B-934F-BCAC6AA0F155}.Release|Win32.ActiveCfg = Release|Win32
		{A483A041-5A25-4A6B-934F-BCAC6AA0F155}.Release|Win32.Build.0 = Release|Win32
		{F7255370-90D5-D001-26C3-77163BFB392A}.Debug|Win32.ActiveCfg = Debug|Win32
		{F7255370-90D5-D001-26C3-77163BFB392A}.Debug|Win32.Build.0 = Debug|Win32
		{F7255370-90D5-D001-26C3-77163BFB392A}.introlib|Win32.ActiveCfg = Release|Win32
		{F7255370-90D5-D001-26C3-77163BFB392A}.introlib|Win32.Build.0 = Release|Win32
		{F7255370-90D5-D001-26C3-77163BFB392A}.Release|Win32.ActiveCfg = Release|Win32
		{F7255370-90D5-D001-26C3-77163BFB392A}.Release|Win32.Build.0 = Release|Win32
	EndGlobalSection
	GlobalSection(SolutionProperties) = preSolution
		HideSolutionNode = FALSE
	EndGlobalSection
EndGlobal
