
Microsoft Visual Studio Solution File, Format Version 11.00
# Visual Studio 2010
Project("{8BC9CEB8-8B4A-11D0-8D11-00A0C91BC942}") = "addqd", "addqd.vcxproj", "{B42AF0D3-AEE5-491F-A60E-D02A8E7FDB82}"
EndProject
Global
	GlobalSection(SolutionConfigurationPlatforms) = preSolution
		Debug|Win32 = Debug|Win32
		Release|Win32 = Release|Win32
	EndGlobalSection
	GlobalSection(ProjectConfigurationPlatforms) = postSolution
		{B42AF0D3-AEE5-491F-A60E-D02A8E7FDB82}.Debug|Win32.ActiveCfg = Debug|Win32
		{B42AF0D3-AEE5-491F-A60E-D02A8E7FDB82}.Debug|Win32.Build.0 = Debug|Win32
		{B42AF0D3-AEE5-491F-A60E-D02A8E7FDB82}.Release|Win32.ActiveCfg = Release|Win32
		{B42AF0D3-AEE5-491F-A60E-D02A8E7FDB82}.Release|Win32.Build.0 = Release|Win32
	EndGlobalSection
	GlobalSection(SolutionProperties) = preSolution
		HideSolutionNode = FALSE
	EndGlobalSection
EndGlobal
